
Microsoft Visual Studio Solution File, Format Version 12.00
# Visual Studio Version 17
VisualStudioVersion = 17.14.36429.23 d17.14
MinimumVisualStudioVersion = 10.0.40219.1
Project("{2150E333-8FDC-42A3-9474-1A3956D46DE8}") = "Task0", "Task0", "{02EA681E-C7D8-13C7-8484-4AC65E1B71E8}"
EndProject
Project("{FAE04EC0-301F-11D3-BF4B-00C04F79EFBC}") = "Tyuiu.GnidenkoPA.Sprint0.Task0.V0", "Tyuiu.GnidenkoPA.Sprint0.Task0.V0\Tyuiu.GnidenkoPA.Sprint0.Task0.V0.csproj", "{75398645-5F35-4288-89BB-AA2777383E96}"
EndProject
Project("{2150E333-8FDC-42A3-9474-1A3956D46DE8}") = "Task1", "Task1", "{B2863B3E-624F-4BAC-962F-CBBA0332C3D5}"
EndProject
Project("{FAE04EC0-301F-11D3-BF4B-00C04F79EFBC}") = "Tyuiu.GnidenkoPA.Sprint0.Task1.V0", "Tyuiu.GnidenkoPA.Sprint0.Task1.V0\Tyuiu.GnidenkoPA.Sprint0.Task1.V0.csproj", "{6CC4404A-6E94-4849-ADFD-B35513A66FBB}"
EndProject
Global
	GlobalSection(SolutionConfigurationPlatforms) = preSolution
		Debug|Any CPU = Debug|Any CPU
		Release|Any CPU = Release|Any CPU
	EndGlobalSection
	GlobalSection(ProjectConfigurationPlatforms) = postSolution
		{75398645-5F35-4288-89BB-AA2777383E96}.Debug|Any CPU.ActiveCfg = Debug|Any CPU
		{75398645-5F35-4288-89BB-AA2777383E96}.Debug|Any CPU.Build.0 = Debug|Any CPU
		{75398645-5F35-4288-89BB-AA2777383E96}.Release|Any CPU.ActiveCfg = Release|Any CPU
		{75398645-5F35-4288-89BB-AA2777383E96}.Release|Any CPU.Build.0 = Release|Any CPU
		{6CC4404A-6E94-4849-ADFD-B35513A66FBB}.Debug|Any CPU.ActiveCfg = Debug|Any CPU
		{6CC4404A-6E94-4849-ADFD-B35513A66FBB}.Debug|Any CPU.Build.0 = Debug|Any CPU
		{6CC4404A-6E94-4849-ADFD-B35513A66FBB}.Release|Any CPU.ActiveCfg = Release|Any CPU
		{6CC4404A-6E94-4849-ADFD-B35513A66FBB}.Release|Any CPU.Build.0 = Release|Any CPU
	EndGlobalSection
	GlobalSection(SolutionProperties) = preSolution
		HideSolutionNode = FALSE
	EndGlobalSection
	GlobalSection(NestedProjects) = preSolution
		{75398645-5F35-4288-89BB-AA2777383E96} = {02EA681E-C7D8-13C7-8484-4AC65E1B71E8}
		{6CC4404A-6E94-4849-ADFD-B35513A66FBB} = {B2863B3E-624F-4BAC-962F-CBBA0332C3D5}
	EndGlobalSection
	GlobalSection(ExtensibilityGlobals) = postSolution
		SolutionGuid = {24D43B90-F8F2-4F4E-A7DE-96C9A3FE9E98}
	EndGlobalSection
EndGlobal
