
Microsoft Visual Studio Solution File, Format Version 12.00
# Visual Studio Version 17
VisualStudioVersion = 17.14.36429.23
MinimumVisualStudioVersion = 10.0.40219.1
Project("{2150E333-8FDC-42A3-9474-1A3956D46DE8}") = "Task0", "Task0", "{02EA681E-C7D8-13C7-8484-4AC65E1B71E8}"
EndProject
Project("{FAE04EC0-301F-11D3-BF4B-00C04F79EFBC}") = "Tyuiu.GnidenkoPA.Sprint0.Task0.V0", "Tyuiu.GnidenkoPA.Sprint0.Task0.V0\Tyuiu.GnidenkoPA.Sprint0.Task0.V0.csproj", "{75398645-5F35-4288-89BB-AA2777383E96}"
EndProject
Project("{2150E333-8FDC-42A3-9474-1A3956D46DE8}") = "Task1", "Task1", "{B2863B3E-624F-4BAC-962F-CBBA0332C3D5}"
EndProject
Project("{FAE04EC0-301F-11D3-BF4B-00C04F79EFBC}") = "Tyuiu.GnidenkoPA.Sprint0.Task1.V0", "Tyuiu.GnidenkoPA.Sprint0.Task1.V0\Tyuiu.GnidenkoPA.Sprint0.Task1.V0.csproj", "{6CC4404A-6E94-4849-ADFD-B35513A66FBB}"
EndProject
Project("{2150E333-8FDC-42A3-9474-1A3956D46DE8}") = "Task2", "Task2", "{AF698FD3-6A09-4794-8AB9-6D9B145F00CA}"
EndProject
Project("{FAE04EC0-301F-11D3-BF4B-00C04F79EFBC}") = "Tyuiu.GnidenkoPA.Sprint0.Task2.V0.Test", "Tyuiu.GnidenkoPA.Sprint0.Task2.V0.Test\Tyuiu.GnidenkoPA.Sprint0.Task2.V0.Test.csproj", "{6D2CB3E1-4C29-4280-9260-736263CB194A}"
EndProject
Project("{FAE04EC0-301F-11D3-BF4B-00C04F79EFBC}") = "Tyuiu.GnidenkoPA.Sprint0.Task2.V0.Lib", "Tyuiu.GnidenkoPA.Sprint0.Task2.V0.Lib\Tyuiu.GnidenkoPA.Sprint0.Task2.V0.Lib.csproj", "{1892A1D6-0261-4040-97A1-774F3F54240B}"
EndProject
Project("{FAE04EC0-301F-11D3-BF4B-00C04F79EFBC}") = "Tyuiu.GnidenkoPA.Sprint0.Task2.V0", "Tyuiu.GnidenkoPA.Sprint0.Task2.V0\Tyuiu.GnidenkoPA.Sprint0.Task2.V0.csproj", "{2FF372E1-2A6D-4592-8D9B-2F04461A8826}"
EndProject
Project("{2150E333-8FDC-42A3-9474-1A3956D46DE8}") = "Task3", "Task3", "{FBE33F64-C954-482D-AF7E-6F52F4BC1F3F}"
EndProject
Project("{FAE04EC0-301F-11D3-BF4B-00C04F79EFBC}") = "Tyuiu.GnidenkoPA.Sprint0.Task3.V0", "Tyuiu.GnidenkoPA.Sprint0.Task3.V0\Tyuiu.GnidenkoPA.Sprint0.Task3.V0.csproj", "{1E9861D4-E31C-4D0D-A7E4-BD5D4FBFEE35}"
EndProject
Project("{FAE04EC0-301F-11D3-BF4B-00C04F79EFBC}") = "Tyuiu.GnidenkoPA.Sprint0.Task3.V0.Lib", "Tyuiu.GnidenkoPA.Sprint0.Task3.V0.Lib\Tyuiu.GnidenkoPA.Sprint0.Task3.V0.Lib.csproj", "{5A0C1824-DFDB-438E-BB38-0D682FB4137A}"
EndProject
Project("{FAE04EC0-301F-11D3-BF4B-00C04F79EFBC}") = "Tyuiu.GnidenkoPA.Sprint0.Task3.V0.Test", "Tyuiu.GnidenkoPA.Sprint0.Task3.V0.Test\Tyuiu.GnidenkoPA.Sprint0.Task3.V0.Test.csproj", "{989F739C-BAEE-4E95-A7A5-57A1BB8CD976}"
EndProject
Project("{2150E333-8FDC-42A3-9474-1A3956D46DE8}") = "Tusk4", "Tusk4", "{F1236A7B-9E40-4962-A6F2-29C44B31853A}"
EndProject
Project("{FAE04EC0-301F-11D3-BF4B-00C04F79EFBC}") = "Tyuiu.GnidenkoPA.Sprint0.Tusk4.V0.Lib", "Tyuiu.GnidenkoPA.Sprint0.Tusk4.V0.Lib\Tyuiu.GnidenkoPA.Sprint0.Tusk4.V0.Lib.csproj", "{DABB69B7-D29D-4AA4-9517-5900FFDCC1A0}"
EndProject
Project("{FAE04EC0-301F-11D3-BF4B-00C04F79EFBC}") = "Tyuiu.GnidenkoPA.Sprint0.Tusk4.V0", "Tyuiu.GnidenkoPA.Sprint0.Tusk4.V0\Tyuiu.GnidenkoPA.Sprint0.Tusk4.V0.csproj", "{A3F36DFC-58D3-4274-91ED-B1E9DA3F2E8E}"
EndProject
Project("{FAE04EC0-301F-11D3-BF4B-00C04F79EFBC}") = "Tyuiu.GnidenkoPA.Sprint0.Task4.V0.Test", "Tyuiu.GnidenkoPA.Sprint0.Task0.V0.Test\Tyuiu.GnidenkoPA.Sprint0.Task4.V0.Test.csproj", "{32A26096-B59B-41BE-9B15-8D69E5F8600E}"
EndProject
Project("{2150E333-8FDC-42A3-9474-1A3956D46DE8}") = "Tusk5", "Tusk5", "{AB99C6C3-4208-40DB-927F-1EDB211492BA}"
EndProject
Project("{FAE04EC0-301F-11D3-BF4B-00C04F79EFBC}") = "Tyuiu.GnidenkoPA.Sprint0.Tusk5.V0.Test", "Tyuiu.GnidenkoPA.Sprint0.Tusk5.V0.Test\Tyuiu.GnidenkoPA.Sprint0.Tusk5.V0.Test.csproj", "{50EB50BF-DAE9-4EC1-B575-75377ACB7ABF}"
EndProject
Project("{FAE04EC0-301F-11D3-BF4B-00C04F79EFBC}") = "Tyuiu.GnidenkoPA.Sprint0.Tusk5.V0", "Tyuiu.GnidenkoPA.Sprint0.Tusk5.V0\Tyuiu.GnidenkoPA.Sprint0.Tusk5.V0.csproj", "{156DB96E-5FEB-466A-8FB5-F36BCA2B466A}"
EndProject
Project("{FAE04EC0-301F-11D3-BF4B-00C04F79EFBC}") = "Tyuiu.GnidenkoPA.Sprint0.Tusk5.V0.Lib", "Tyuiu.GnidenkoPA.Sprint0.Tusk5.V0.Lib\Tyuiu.GnidenkoPA.Sprint0.Tusk5.V0.Lib.csproj", "{A974BD80-BF8E-481A-B9B2-6D7CDA896921}"
EndProject
Project("{2150E333-8FDC-42A3-9474-1A3956D46DE8}") = "Tusk6", "Tusk6", "{CD881DB0-1164-44D0-82BD-9117FDB33F92}"
EndProject
Project("{FAE04EC0-301F-11D3-BF4B-00C04F79EFBC}") = "Tyuiu.GnidenkoPA.Sprint0.Tusk6.V0.Lib", "Tyuiu.GnidenkoPA.Sprint0.Tusk6.V0.Lib\Tyuiu.GnidenkoPA.Sprint0.Tusk6.V0.Lib.csproj", "{D51422DE-B17A-4BEB-A406-406EEE33910A}"
EndProject
Project("{FAE04EC0-301F-11D3-BF4B-00C04F79EFBC}") = "Tyuiu.GnidenkoPA.Sprint0.Tusk6.V0", "Tyuiu.GnidenkoPA.Sprint0.Tusk6.V0\Tyuiu.GnidenkoPA.Sprint0.Tusk6.V0.csproj", "{C0161833-B06F-4AC0-BF6C-05B5C0CA3D72}"
EndProject
Project("{FAE04EC0-301F-11D3-BF4B-00C04F79EFBC}") = "Tyuiu.GnidenkoPA.Sprint0.Tusk6.V0.Test", "Tyuiu.GnidenkoPA.Sprint0.Tusk6.V0.Test\Tyuiu.GnidenkoPA.Sprint0.Tusk6.V0.Test.csproj", "{259B39B6-85FE-4927-8125-6549D7ABF1E8}"
EndProject
Global
	GlobalSection(SolutionConfigurationPlatforms) = preSolution
		Debug|Any CPU = Debug|Any CPU
		Release|Any CPU = Release|Any CPU
	EndGlobalSection
	GlobalSection(ProjectConfigurationPlatforms) = postSolution
		{75398645-5F35-4288-89BB-AA2777383E96}.Debug|Any CPU.ActiveCfg = Debug|Any CPU
		{75398645-5F35-4288-89BB-AA2777383E96}.Debug|Any CPU.Build.0 = Debug|Any CPU
		{75398645-5F35-4288-89BB-AA2777383E96}.Release|Any CPU.ActiveCfg = Release|Any CPU
		{75398645-5F35-4288-89BB-AA2777383E96}.Release|Any CPU.Build.0 = Release|Any CPU
		{6CC4404A-6E94-4849-ADFD-B35513A66FBB}.Debug|Any CPU.ActiveCfg = Debug|Any CPU
		{6CC4404A-6E94-4849-ADFD-B35513A66FBB}.Debug|Any CPU.Build.0 = Debug|Any CPU
		{6CC4404A-6E94-4849-ADFD-B35513A66FBB}.Release|Any CPU.ActiveCfg = Release|Any CPU
		{6CC4404A-6E94-4849-ADFD-B35513A66FBB}.Release|Any CPU.Build.0 = Release|Any CPU
		{6D2CB3E1-4C29-4280-9260-736263CB194A}.Debug|Any CPU.ActiveCfg = Debug|Any CPU
		{6D2CB3E1-4C29-4280-9260-736263CB194A}.Debug|Any CPU.Build.0 = Debug|Any CPU
		{6D2CB3E1-4C29-4280-9260-736263CB194A}.Release|Any CPU.ActiveCfg = Release|Any CPU
		{6D2CB3E1-4C29-4280-9260-736263CB194A}.Release|Any CPU.Build.0 = Release|Any CPU
		{1892A1D6-0261-4040-97A1-774F3F54240B}.Debug|Any CPU.ActiveCfg = Debug|Any CPU
		{1892A1D6-0261-4040-97A1-774F3F54240B}.Debug|Any CPU.Build.0 = Debug|Any CPU
		{1892A1D6-0261-4040-97A1-774F3F54240B}.Release|Any CPU.ActiveCfg = Release|Any CPU
		{1892A1D6-0261-4040-97A1-774F3F54240B}.Release|Any CPU.Build.0 = Release|Any CPU
		{2FF372E1-2A6D-4592-8D9B-2F04461A8826}.Debug|Any CPU.ActiveCfg = Debug|Any CPU
		{2FF372E1-2A6D-4592-8D9B-2F04461A8826}.Debug|Any CPU.Build.0 = Debug|Any CPU
		{2FF372E1-2A6D-4592-8D9B-2F04461A8826}.Release|Any CPU.ActiveCfg = Release|Any CPU
		{2FF372E1-2A6D-4592-8D9B-2F04461A8826}.Release|Any CPU.Build.0 = Release|Any CPU
		{1E9861D4-E31C-4D0D-A7E4-BD5D4FBFEE35}.Debug|Any CPU.ActiveCfg = Debug|Any CPU
		{1E9861D4-E31C-4D0D-A7E4-BD5D4FBFEE35}.Debug|Any CPU.Build.0 = Debug|Any CPU
		{1E9861D4-E31C-4D0D-A7E4-BD5D4FBFEE35}.Release|Any CPU.ActiveCfg = Release|Any CPU
		{1E9861D4-E31C-4D0D-A7E4-BD5D4FBFEE35}.Release|Any CPU.Build.0 = Release|Any CPU
		{5A0C1824-DFDB-438E-BB38-0D682FB4137A}.Debug|Any CPU.ActiveCfg = Debug|Any CPU
		{5A0C1824-DFDB-438E-BB38-0D682FB4137A}.Debug|Any CPU.Build.0 = Debug|Any CPU
		{5A0C1824-DFDB-438E-BB38-0D682FB4137A}.Release|Any CPU.ActiveCfg = Release|Any CPU
		{5A0C1824-DFDB-438E-BB38-0D682FB4137A}.Release|Any CPU.Build.0 = Release|Any CPU
		{989F739C-BAEE-4E95-A7A5-57A1BB8CD976}.Debug|Any CPU.ActiveCfg = Debug|Any CPU
		{989F739C-BAEE-4E95-A7A5-57A1BB8CD976}.Debug|Any CPU.Build.0 = Debug|Any CPU
		{989F739C-BAEE-4E95-A7A5-57A1BB8CD976}.Release|Any CPU.ActiveCfg = Release|Any CPU
		{989F739C-BAEE-4E95-A7A5-57A1BB8CD976}.Release|Any CPU.Build.0 = Release|Any CPU
		{DABB69B7-D29D-4AA4-9517-5900FFDCC1A0}.Debug|Any CPU.ActiveCfg = Debug|Any CPU
		{DABB69B7-D29D-4AA4-9517-5900FFDCC1A0}.Debug|Any CPU.Build.0 = Debug|Any CPU
		{DABB69B7-D29D-4AA4-9517-5900FFDCC1A0}.Release|Any CPU.ActiveCfg = Release|Any CPU
		{DABB69B7-D29D-4AA4-9517-5900FFDCC1A0}.Release|Any CPU.Build.0 = Release|Any CPU
		{A3F36DFC-58D3-4274-91ED-B1E9DA3F2E8E}.Debug|Any CPU.ActiveCfg = Debug|Any CPU
		{A3F36DFC-58D3-4274-91ED-B1E9DA3F2E8E}.Debug|Any CPU.Build.0 = Debug|Any CPU
		{A3F36DFC-58D3-4274-91ED-B1E9DA3F2E8E}.Release|Any CPU.ActiveCfg = Release|Any CPU
		{A3F36DFC-58D3-4274-91ED-B1E9DA3F2E8E}.Release|Any CPU.Build.0 = Release|Any CPU
		{32A26096-B59B-41BE-9B15-8D69E5F8600E}.Debug|Any CPU.ActiveCfg = Debug|Any CPU
		{32A26096-B59B-41BE-9B15-8D69E5F8600E}.Debug|Any CPU.Build.0 = Debug|Any CPU
		{32A26096-B59B-41BE-9B15-8D69E5F8600E}.Release|Any CPU.ActiveCfg = Release|Any CPU
		{32A26096-B59B-41BE-9B15-8D69E5F8600E}.Release|Any CPU.Build.0 = Release|Any CPU
		{50EB50BF-DAE9-4EC1-B575-75377ACB7ABF}.Debug|Any CPU.ActiveCfg = Debug|Any CPU
		{50EB50BF-DAE9-4EC1-B575-75377ACB7ABF}.Debug|Any CPU.Build.0 = Debug|Any CPU
		{50EB50BF-DAE9-4EC1-B575-75377ACB7ABF}.Release|Any CPU.ActiveCfg = Release|Any CPU
		{50EB50BF-DAE9-4EC1-B575-75377ACB7ABF}.Release|Any CPU.Build.0 = Release|Any CPU
		{156DB96E-5FEB-466A-8FB5-F36BCA2B466A}.Debug|Any CPU.ActiveCfg = Debug|Any CPU
		{156DB96E-5FEB-466A-8FB5-F36BCA2B466A}.Debug|Any CPU.Build.0 = Debug|Any CPU
		{156DB96E-5FEB-466A-8FB5-F36BCA2B466A}.Release|Any CPU.ActiveCfg = Release|Any CPU
		{156DB96E-5FEB-466A-8FB5-F36BCA2B466A}.Release|Any CPU.Build.0 = Release|Any CPU
		{A974BD80-BF8E-481A-B9B2-6D7CDA896921}.Debug|Any CPU.ActiveCfg = Debug|Any CPU
		{A974BD80-BF8E-481A-B9B2-6D7CDA896921}.Debug|Any CPU.Build.0 = Debug|Any CPU
		{A974BD80-BF8E-481A-B9B2-6D7CDA896921}.Release|Any CPU.ActiveCfg = Release|Any CPU
		{A974BD80-BF8E-481A-B9B2-6D7CDA896921}.Release|Any CPU.Build.0 = Release|Any CPU
		{D51422DE-B17A-4BEB-A406-406EEE33910A}.Debug|Any CPU.ActiveCfg = Debug|Any CPU
		{D51422DE-B17A-4BEB-A406-406EEE33910A}.Debug|Any CPU.Build.0 = Debug|Any CPU
		{D51422DE-B17A-4BEB-A406-406EEE33910A}.Release|Any CPU.ActiveCfg = Release|Any CPU
		{D51422DE-B17A-4BEB-A406-406EEE33910A}.Release|Any CPU.Build.0 = Release|Any CPU
		{C0161833-B06F-4AC0-BF6C-05B5C0CA3D72}.Debug|Any CPU.ActiveCfg = Debug|Any CPU
		{C0161833-B06F-4AC0-BF6C-05B5C0CA3D72}.Debug|Any CPU.Build.0 = Debug|Any CPU
		{C0161833-B06F-4AC0-BF6C-05B5C0CA3D72}.Release|Any CPU.ActiveCfg = Release|Any CPU
		{C0161833-B06F-4AC0-BF6C-05B5C0CA3D72}.Release|Any CPU.Build.0 = Release|Any CPU
		{259B39B6-85FE-4927-8125-6549D7ABF1E8}.Debug|Any CPU.ActiveCfg = Debug|Any CPU
		{259B39B6-85FE-4927-8125-6549D7ABF1E8}.Debug|Any CPU.Build.0 = Debug|Any CPU
		{259B39B6-85FE-4927-8125-6549D7ABF1E8}.Release|Any CPU.ActiveCfg = Release|Any CPU
		{259B39B6-85FE-4927-8125-6549D7ABF1E8}.Release|Any CPU.Build.0 = Release|Any CPU
	EndGlobalSection
	GlobalSection(SolutionProperties) = preSolution
		HideSolutionNode = FALSE
	EndGlobalSection
	GlobalSection(NestedProjects) = preSolution
		{75398645-5F35-4288-89BB-AA2777383E96} = {02EA681E-C7D8-13C7-8484-4AC65E1B71E8}
		{6CC4404A-6E94-4849-ADFD-B35513A66FBB} = {B2863B3E-624F-4BAC-962F-CBBA0332C3D5}
		{6D2CB3E1-4C29-4280-9260-736263CB194A} = {AF698FD3-6A09-4794-8AB9-6D9B145F00CA}
		{1892A1D6-0261-4040-97A1-774F3F54240B} = {AF698FD3-6A09-4794-8AB9-6D9B145F00CA}
		{2FF372E1-2A6D-4592-8D9B-2F04461A8826} = {AF698FD3-6A09-4794-8AB9-6D9B145F00CA}
		{1E9861D4-E31C-4D0D-A7E4-BD5D4FBFEE35} = {FBE33F64-C954-482D-AF7E-6F52F4BC1F3F}
		{5A0C1824-DFDB-438E-BB38-0D682FB4137A} = {FBE33F64-C954-482D-AF7E-6F52F4BC1F3F}
		{989F739C-BAEE-4E95-A7A5-57A1BB8CD976} = {FBE33F64-C954-482D-AF7E-6F52F4BC1F3F}
		{DABB69B7-D29D-4AA4-9517-5900FFDCC1A0} = {F1236A7B-9E40-4962-A6F2-29C44B31853A}
		{A3F36DFC-58D3-4274-91ED-B1E9DA3F2E8E} = {F1236A7B-9E40-4962-A6F2-29C44B31853A}
		{32A26096-B59B-41BE-9B15-8D69E5F8600E} = {F1236A7B-9E40-4962-A6F2-29C44B31853A}
		{50EB50BF-DAE9-4EC1-B575-75377ACB7ABF} = {AB99C6C3-4208-40DB-927F-1EDB211492BA}
		{156DB96E-5FEB-466A-8FB5-F36BCA2B466A} = {AB99C6C3-4208-40DB-927F-1EDB211492BA}
		{A974BD80-BF8E-481A-B9B2-6D7CDA896921} = {AB99C6C3-4208-40DB-927F-1EDB211492BA}
		{D51422DE-B17A-4BEB-A406-406EEE33910A} = {CD881DB0-1164-44D0-82BD-9117FDB33F92}
		{C0161833-B06F-4AC0-BF6C-05B5C0CA3D72} = {CD881DB0-1164-44D0-82BD-9117FDB33F92}
		{259B39B6-85FE-4927-8125-6549D7ABF1E8} = {CD881DB0-1164-44D0-82BD-9117FDB33F92}
	EndGlobalSection
	GlobalSection(ExtensibilityGlobals) = postSolution
		SolutionGuid = {24D43B90-F8F2-4F4E-A7DE-96C9A3FE9E98}
	EndGlobalSection
EndGlobal
